
Microsoft Visual Studio Solution File, Format Version 12.00
# Visual Studio Version 17
VisualStudioVersion = 17.9.34701.34
MinimumVisualStudioVersion = 10.0.40219.1
Project("{FAE04EC0-301F-11D3-BF4B-00C04F79EFBC}") = "AuthenticationService", "AuthenticationService\AuthenticationService.csproj", "{7E441ECF-97DE-4D15-BA45-0A923B3EDF69}"
EndProject
Project("{FAE04EC0-301F-11D3-BF4B-00C04F79EFBC}") = "ContactsService", "ContactsService\ContactsService.csproj", "{59059DE0-0D20-4AD5-9D21-7D100325A11A}"
EndProject
Global
	GlobalSection(SolutionConfigurationPlatforms) = preSolution
		Debug|Any CPU = Debug|Any CPU
		Release|Any CPU = Release|Any CPU
	EndGlobalSection
	GlobalSection(ProjectConfigurationPlatforms) = postSolution
		{7E441ECF-97DE-4D15-BA45-0A923B3EDF69}.Debug|Any CPU.ActiveCfg = Debug|Any CPU
		{7E441ECF-97DE-4D15-BA45-0A923B3EDF69}.Debug|Any CPU.Build.0 = Debug|Any CPU
		{7E441ECF-97DE-4D15-BA45-0A923B3EDF69}.Release|Any CPU.ActiveCfg = Release|Any CPU
		{7E441ECF-97DE-4D15-BA45-0A923B3EDF69}.Release|Any CPU.Build.0 = Release|Any CPU
		{59059DE0-0D20-4AD5-9D21-7D100325A11A}.Debug|Any CPU.ActiveCfg = Debug|Any CPU
		{59059DE0-0D20-4AD5-9D21-7D100325A11A}.Debug|Any CPU.Build.0 = Debug|Any CPU
		{59059DE0-0D20-4AD5-9D21-7D100325A11A}.Release|Any CPU.ActiveCfg = Release|Any CPU
		{59059DE0-0D20-4AD5-9D21-7D100325A11A}.Release|Any CPU.Build.0 = Release|Any CPU
	EndGlobalSection
	GlobalSection(SolutionProperties) = preSolution
		HideSolutionNode = FALSE
	EndGlobalSection
	GlobalSection(ExtensibilityGlobals) = postSolution
		SolutionGuid = {06DEF9CA-8E76-425F-A954-B51BD5C7F95A}
	EndGlobalSection
EndGlobal
